
Microsoft Visual Studio Solution File, Format Version 12.00
# Visual Studio Version 16
VisualStudioVersion = 16.0.32002.261
MinimumVisualStudioVersion = 10.0.40219.1
Project("{9A19103F-16F7-4668-BE54-9A1E7A4F7556}") = "Emergency", "Emergency\Emergency.csproj", "{422AC9F2-4580-4951-A8C6-39A8926BC90E}"
EndProject
Project("{2150E333-8FDC-42A3-9474-1A3956D46DE8}") = "DevExtreme NuGet.config", "DevExtreme NuGet.config", "{A88DCEE4-55A5-4958-8916-8739F5817FE6}"
	ProjectSection(SolutionItems) = preProject
		NuGet.config = NuGet.config
	EndProjectSection
EndProject
Global
	GlobalSection(SolutionConfigurationPlatforms) = preSolution
		Debug|Any CPU = Debug|Any CPU
		Release|Any CPU = Release|Any CPU
	EndGlobalSection
	GlobalSection(ProjectConfigurationPlatforms) = postSolution
		{422AC9F2-4580-4951-A8C6-39A8926BC90E}.Debug|Any CPU.ActiveCfg = Debug|Any CPU
		{422AC9F2-4580-4951-A8C6-39A8926BC90E}.Debug|Any CPU.Build.0 = Debug|Any CPU
		{422AC9F2-4580-4951-A8C6-39A8926BC90E}.Release|Any CPU.ActiveCfg = Release|Any CPU
		{422AC9F2-4580-4951-A8C6-39A8926BC90E}.Release|Any CPU.Build.0 = Release|Any CPU
	EndGlobalSection
	GlobalSection(SolutionProperties) = preSolution
		HideSolutionNode = FALSE
	EndGlobalSection
	GlobalSection(ExtensibilityGlobals) = postSolution
		SolutionGuid = {C15D0514-D754-47CA-90D1-97648E7AB757}
	EndGlobalSection
EndGlobal
